// !$*UTF8*$!
{
	archiveVersion = 1;
	classes = {
	};
	objectVersion = 55;
	objects = {

/* Begin PBXBuildFile section */
		5F3CD06527B0041400BAF2E0 /* UIAlertController.swift in Sources */ = {isa = PBXBuildFile; fileRef = 5F3CD06427B0041400BAF2E0 /* UIAlertController.swift */; };
		5F3CD06727B1405800BAF2E0 /* MainView.swift in Sources */ = {isa = PBXBuildFile; fileRef = 5F3CD06627B1405800BAF2E0 /* MainView.swift */; };
		5F5767D927AD450800F387F5 /* PlusButton.swift in Sources */ = {isa = PBXBuildFile; fileRef = 5F5767D827AD450800F387F5 /* PlusButton.swift */; };
		5F5767DB27AD453300F387F5 /* Consts.swift in Sources */ = {isa = PBXBuildFile; fileRef = 5F5767DA27AD453300F387F5 /* Consts.swift */; };
		812F467927B14DAC008FB107 /* Topic.swift in Sources */ = {isa = PBXBuildFile; fileRef = 812F467827B14DAC008FB107 /* Topic.swift */; };
		812F468527B53053008FB107 /* TopicView.swift in Sources */ = {isa = PBXBuildFile; fileRef = 812F468427B53053008FB107 /* TopicView.swift */; };
		812F468727B53075008FB107 /* TextFieldAlert.swift in Sources */ = {isa = PBXBuildFile; fileRef = 812F468627B53075008FB107 /* TextFieldAlert.swift */; };
		819385BC27AA74C3005E2461 /* PomodoroTimerApp.swift in Sources */ = {isa = PBXBuildFile; fileRef = 819385BB27AA74C3005E2461 /* PomodoroTimerApp.swift */; };
		819385BE27AA74C3005E2461 /* ContentView.swift in Sources */ = {isa = PBXBuildFile; fileRef = 819385BD27AA74C3005E2461 /* ContentView.swift */; };
		819385C027AA74C6005E2461 /* Assets.xcassets in Resources */ = {isa = PBXBuildFile; fileRef = 819385BF27AA74C6005E2461 /* Assets.xcassets */; };
		819385C327AA74C6005E2461 /* Preview Assets.xcassets in Resources */ = {isa = PBXBuildFile; fileRef = 819385C227AA74C6005E2461 /* Preview Assets.xcassets */; };
		819385CD27AA74C7005E2461 /* PomodoroTimerTests.swift in Sources */ = {isa = PBXBuildFile; fileRef = 819385CC27AA74C7005E2461 /* PomodoroTimerTests.swift */; };
		819385D727AA74C7005E2461 /* PomodoroTimerUITests.swift in Sources */ = {isa = PBXBuildFile; fileRef = 819385D627AA74C7005E2461 /* PomodoroTimerUITests.swift */; };
		819385D927AA74C7005E2461 /* PomodoroTimerUITestsLaunchTests.swift in Sources */ = {isa = PBXBuildFile; fileRef = 819385D827AA74C7005E2461 /* PomodoroTimerUITestsLaunchTests.swift */; };
		D46EEBCC27B0774800D4EF12 /* TimerView.swift in Sources */ = {isa = PBXBuildFile; fileRef = D46EEBCB27B0774800D4EF12 /* TimerView.swift */; };
		D4DD6D0327B14BFC0081AC8A /* dummyTwo.swift in Sources */ = {isa = PBXBuildFile; fileRef = D4DD6D0227B14BFC0081AC8A /* dummyTwo.swift */; };
/* End PBXBuildFile section */

/* Begin PBXContainerItemProxy section */
		819385C927AA74C6005E2461 /* PBXContainerItemProxy */ = {
			isa = PBXContainerItemProxy;
			containerPortal = 819385B027AA74C3005E2461 /* Project object */;
			proxyType = 1;
			remoteGlobalIDString = 819385B727AA74C3005E2461;
			remoteInfo = PomodoroTimer;
		};
		819385D327AA74C7005E2461 /* PBXContainerItemProxy */ = {
			isa = PBXContainerItemProxy;
			containerPortal = 819385B027AA74C3005E2461 /* Project object */;
			proxyType = 1;
			remoteGlobalIDString = 819385B727AA74C3005E2461;
			remoteInfo = PomodoroTimer;
		};
/* End PBXContainerItemProxy section */

/* Begin PBXFileReference section */
		5F3CD06427B0041400BAF2E0 /* UIAlertController.swift */ = {isa = PBXFileReference; lastKnownFileType = sourcecode.swift; path = UIAlertController.swift; sourceTree = "<group>"; };
		5F3CD06627B1405800BAF2E0 /* MainView.swift */ = {isa = PBXFileReference; lastKnownFileType = sourcecode.swift; path = MainView.swift; sourceTree = "<group>"; };
		5F5767D827AD450800F387F5 /* PlusButton.swift */ = {isa = PBXFileReference; lastKnownFileType = sourcecode.swift; path = PlusButton.swift; sourceTree = "<group>"; };
		5F5767DA27AD453300F387F5 /* Consts.swift */ = {isa = PBXFileReference; lastKnownFileType = sourcecode.swift; path = Consts.swift; sourceTree = "<group>"; };
		812F467827B14DAC008FB107 /* Topic.swift */ = {isa = PBXFileReference; lastKnownFileType = sourcecode.swift; path = Topic.swift; sourceTree = "<group>"; };
		812F468427B53053008FB107 /* TopicView.swift */ = {isa = PBXFileReference; lastKnownFileType = sourcecode.swift; path = TopicView.swift; sourceTree = "<group>"; };
		812F468627B53075008FB107 /* TextFieldAlert.swift */ = {isa = PBXFileReference; lastKnownFileType = sourcecode.swift; path = TextFieldAlert.swift; sourceTree = "<group>"; };
		819385B827AA74C3005E2461 /* PomodoroTimer.app */ = {isa = PBXFileReference; explicitFileType = wrapper.application; includeInIndex = 0; path = PomodoroTimer.app; sourceTree = BUILT_PRODUCTS_DIR; };
		819385BB27AA74C3005E2461 /* PomodoroTimerApp.swift */ = {isa = PBXFileReference; lastKnownFileType = sourcecode.swift; path = PomodoroTimerApp.swift; sourceTree = "<group>"; };
		819385BD27AA74C3005E2461 /* ContentView.swift */ = {isa = PBXFileReference; lastKnownFileType = sourcecode.swift; path = ContentView.swift; sourceTree = "<group>"; };
		819385BF27AA74C6005E2461 /* Assets.xcassets */ = {isa = PBXFileReference; lastKnownFileType = folder.assetcatalog; path = Assets.xcassets; sourceTree = "<group>"; };
		819385C227AA74C6005E2461 /* Preview Assets.xcassets */ = {isa = PBXFileReference; lastKnownFileType = folder.assetcatalog; path = "Preview Assets.xcassets"; sourceTree = "<group>"; };
		819385C827AA74C6005E2461 /* PomodoroTimerTests.xctest */ = {isa = PBXFileReference; explicitFileType = wrapper.cfbundle; includeInIndex = 0; path = PomodoroTimerTests.xctest; sourceTree = BUILT_PRODUCTS_DIR; };
		819385CC27AA74C7005E2461 /* PomodoroTimerTests.swift */ = {isa = PBXFileReference; lastKnownFileType = sourcecode.swift; path = PomodoroTimerTests.swift; sourceTree = "<group>"; };
		819385D227AA74C7005E2461 /* PomodoroTimerUITests.xctest */ = {isa = PBXFileReference; explicitFileType = wrapper.cfbundle; includeInIndex = 0; path = PomodoroTimerUITests.xctest; sourceTree = BUILT_PRODUCTS_DIR; };
		819385D627AA74C7005E2461 /* PomodoroTimerUITests.swift */ = {isa = PBXFileReference; lastKnownFileType = sourcecode.swift; path = PomodoroTimerUITests.swift; sourceTree = "<group>"; };
		819385D827AA74C7005E2461 /* PomodoroTimerUITestsLaunchTests.swift */ = {isa = PBXFileReference; lastKnownFileType = sourcecode.swift; path = PomodoroTimerUITestsLaunchTests.swift; sourceTree = "<group>"; };
		D46EEBCB27B0774800D4EF12 /* TimerView.swift */ = {isa = PBXFileReference; fileEncoding = 4; lastKnownFileType = sourcecode.swift; name = TimerView.swift; path = PomodoroTimer/CountDownTimer/TimerView.swift; sourceTree = SOURCE_ROOT; };
		D4DD6D0227B14BFC0081AC8A /* dummyTwo.swift */ = {isa = PBXFileReference; lastKnownFileType = sourcecode.swift; path = dummyTwo.swift; sourceTree = "<group>"; };
/* End PBXFileReference section */

/* Begin PBXFrameworksBuildPhase section */
		819385B527AA74C3005E2461 /* Frameworks */ = {
			isa = PBXFrameworksBuildPhase;
			buildActionMask = 2147483647;
			files = (
			);
			runOnlyForDeploymentPostprocessing = 0;
		};
		819385C527AA74C6005E2461 /* Frameworks */ = {
			isa = PBXFrameworksBuildPhase;
			buildActionMask = 2147483647;
			files = (
			);
			runOnlyForDeploymentPostprocessing = 0;
		};
		819385CF27AA74C7005E2461 /* Frameworks */ = {
			isa = PBXFrameworksBuildPhase;
			buildActionMask = 2147483647;
			files = (
			);
			runOnlyForDeploymentPostprocessing = 0;
		};
/* End PBXFrameworksBuildPhase section */

/* Begin PBXGroup section */
		5F5767D427AD376F00F387F5 /* YourTopics */ = {
			isa = PBXGroup;
			children = (
				5F3CD06627B1405800BAF2E0 /* MainView.swift */,
				5F3CD06427B0041400BAF2E0 /* UIAlertController.swift */,
				5F5767D727AD44E600F387F5 /* Buttons */,
			);
			path = YourTopics;
			sourceTree = "<group>";
		};
		5F5767D727AD44E600F387F5 /* Buttons */ = {
			isa = PBXGroup;
			children = (
				5F5767D827AD450800F387F5 /* PlusButton.swift */,
			);
			path = Buttons;
			sourceTree = "<group>";
		};
		5F5767DC27AD454100F387F5 /* Consts */ = {
			isa = PBXGroup;
			children = (
				5F5767DA27AD453300F387F5 /* Consts.swift */,
			);
			path = Consts;
			sourceTree = "<group>";
		};
		819385AF27AA74C3005E2461 = {
			isa = PBXGroup;
			children = (
				819385BA27AA74C3005E2461 /* PomodoroTimer */,
				819385CB27AA74C7005E2461 /* PomodoroTimerTests */,
				819385D527AA74C7005E2461 /* PomodoroTimerUITests */,
				819385B927AA74C3005E2461 /* Products */,
			);
			sourceTree = "<group>";
		};
		819385B927AA74C3005E2461 /* Products */ = {
			isa = PBXGroup;
			children = (
				819385B827AA74C3005E2461 /* PomodoroTimer.app */,
				819385C827AA74C6005E2461 /* PomodoroTimerTests.xctest */,
				819385D227AA74C7005E2461 /* PomodoroTimerUITests.xctest */,
			);
			name = Products;
			sourceTree = "<group>";
		};
		819385BA27AA74C3005E2461 /* PomodoroTimer */ = {
			isa = PBXGroup;
			children = (
				D4DD6D0127B14BBE0081AC8A /* CountDownTimer */,
				5F5767DC27AD454100F387F5 /* Consts */,
				5F5767D427AD376F00F387F5 /* YourTopics */,
				819385EA27AA7688005E2461 /* Info */,
				819385E727AA7637005E2461 /* Topic */,
				819385BB27AA74C3005E2461 /* PomodoroTimerApp.swift */,
				819385BD27AA74C3005E2461 /* ContentView.swift */,
				819385BF27AA74C6005E2461 /* Assets.xcassets */,
				819385C127AA74C6005E2461 /* Preview Content */,
				812F467827B14DAC008FB107 /* Topic.swift */,
			);
			path = PomodoroTimer;
			sourceTree = "<group>";
		};
		819385C127AA74C6005E2461 /* Preview Content */ = {
			isa = PBXGroup;
			children = (
				819385C227AA74C6005E2461 /* Preview Assets.xcassets */,
			);
			path = "Preview Content";
			sourceTree = "<group>";
		};
		819385CB27AA74C7005E2461 /* PomodoroTimerTests */ = {
			isa = PBXGroup;
			children = (
				819385CC27AA74C7005E2461 /* PomodoroTimerTests.swift */,
			);
			path = PomodoroTimerTests;
			sourceTree = "<group>";
		};
		819385D527AA74C7005E2461 /* PomodoroTimerUITests */ = {
			isa = PBXGroup;
			children = (
				819385D627AA74C7005E2461 /* PomodoroTimerUITests.swift */,
				819385D827AA74C7005E2461 /* PomodoroTimerUITestsLaunchTests.swift */,
			);
			path = PomodoroTimerUITests;
			sourceTree = "<group>";
		};
		819385E727AA7637005E2461 /* Topic */ = {
			isa = PBXGroup;
			children = (
				812F468427B53053008FB107 /* TopicView.swift */,
				812F468627B53075008FB107 /* TextFieldAlert.swift */,
			);
			path = Topic;
			sourceTree = "<group>";
		};
		819385EA27AA7688005E2461 /* Info */ = {
			isa = PBXGroup;
			children = (
				D4DD6D0227B14BFC0081AC8A /* dummyTwo.swift */,
			);
			path = Info;
			sourceTree = "<group>";
		};
		D4DD6D0127B14BBE0081AC8A /* CountDownTimer */ = {
			isa = PBXGroup;
			children = (
				D46EEBCB27B0774800D4EF12 /* TimerView.swift */,
			);
			path = CountDownTimer;
			sourceTree = "<group>";
		};
/* End PBXGroup section */

/* Begin PBXNativeTarget section */
		819385B727AA74C3005E2461 /* PomodoroTimer */ = {
			isa = PBXNativeTarget;
			buildConfigurationList = 819385DC27AA74C7005E2461 /* Build configuration list for PBXNativeTarget "PomodoroTimer" */;
			buildPhases = (
				819385B427AA74C3005E2461 /* Sources */,
				819385B527AA74C3005E2461 /* Frameworks */,
				819385B627AA74C3005E2461 /* Resources */,
			);
			buildRules = (
			);
			dependencies = (
			);
			name = PomodoroTimer;
			productName = PomodoroTimer;
			productReference = 819385B827AA74C3005E2461 /* PomodoroTimer.app */;
			productType = "com.apple.product-type.application";
		};
		819385C727AA74C6005E2461 /* PomodoroTimerTests */ = {
			isa = PBXNativeTarget;
			buildConfigurationList = 819385DF27AA74C7005E2461 /* Build configuration list for PBXNativeTarget "PomodoroTimerTests" */;
			buildPhases = (
				819385C427AA74C6005E2461 /* Sources */,
				819385C527AA74C6005E2461 /* Frameworks */,
				819385C627AA74C6005E2461 /* Resources */,
			);
			buildRules = (
			);
			dependencies = (
				819385CA27AA74C6005E2461 /* PBXTargetDependency */,
			);
			name = PomodoroTimerTests;
			productName = PomodoroTimerTests;
			productReference = 819385C827AA74C6005E2461 /* PomodoroTimerTests.xctest */;
			productType = "com.apple.product-type.bundle.unit-test";
		};
		819385D127AA74C7005E2461 /* PomodoroTimerUITests */ = {
			isa = PBXNativeTarget;
			buildConfigurationList = 819385E227AA74C7005E2461 /* Build configuration list for PBXNativeTarget "PomodoroTimerUITests" */;
			buildPhases = (
				819385CE27AA74C7005E2461 /* Sources */,
				819385CF27AA74C7005E2461 /* Frameworks */,
				819385D027AA74C7005E2461 /* Resources */,
			);
			buildRules = (
			);
			dependencies = (
				819385D427AA74C7005E2461 /* PBXTargetDependency */,
			);
			name = PomodoroTimerUITests;
			productName = PomodoroTimerUITests;
			productReference = 819385D227AA74C7005E2461 /* PomodoroTimerUITests.xctest */;
			productType = "com.apple.product-type.bundle.ui-testing";
		};
/* End PBXNativeTarget section */

/* Begin PBXProject section */
		819385B027AA74C3005E2461 /* Project object */ = {
			isa = PBXProject;
			attributes = {
				BuildIndependentTargetsInParallel = 1;
				LastSwiftUpdateCheck = 1320;
				LastUpgradeCheck = 1320;
				TargetAttributes = {
					819385B727AA74C3005E2461 = {
						CreatedOnToolsVersion = 13.2.1;
					};
					819385C727AA74C6005E2461 = {
						CreatedOnToolsVersion = 13.2.1;
						TestTargetID = 819385B727AA74C3005E2461;
					};
					819385D127AA74C7005E2461 = {
						CreatedOnToolsVersion = 13.2.1;
						TestTargetID = 819385B727AA74C3005E2461;
					};
				};
			};
			buildConfigurationList = 819385B327AA74C3005E2461 /* Build configuration list for PBXProject "PomodoroTimer" */;
			compatibilityVersion = "Xcode 13.0";
			developmentRegion = en;
			hasScannedForEncodings = 0;
			knownRegions = (
				en,
				Base,
			);
			mainGroup = 819385AF27AA74C3005E2461;
			productRefGroup = 819385B927AA74C3005E2461 /* Products */;
			projectDirPath = "";
			projectRoot = "";
			targets = (
				819385B727AA74C3005E2461 /* PomodoroTimer */,
				819385C727AA74C6005E2461 /* PomodoroTimerTests */,
				819385D127AA74C7005E2461 /* PomodoroTimerUITests */,
			);
		};
/* End PBXProject section */

/* Begin PBXResourcesBuildPhase section */
		819385B627AA74C3005E2461 /* Resources */ = {
			isa = PBXResourcesBuildPhase;
			buildActionMask = 2147483647;
			files = (
				819385C327AA74C6005E2461 /* Preview Assets.xcassets in Resources */,
				819385C027AA74C6005E2461 /* Assets.xcassets in Resources */,
			);
			runOnlyForDeploymentPostprocessing = 0;
		};
		819385C627AA74C6005E2461 /* Resources */ = {
			isa = PBXResourcesBuildPhase;
			buildActionMask = 2147483647;
			files = (
			);
			runOnlyForDeploymentPostprocessing = 0;
		};
		819385D027AA74C7005E2461 /* Resources */ = {
			isa = PBXResourcesBuildPhase;
			buildActionMask = 2147483647;
			files = (
			);
			runOnlyForDeploymentPostprocessing = 0;
		};
/* End PBXResourcesBuildPhase section */

/* Begin PBXSourcesBuildPhase section */
		819385B427AA74C3005E2461 /* Sources */ = {
			isa = PBXSourcesBuildPhase;
			buildActionMask = 2147483647;
			files = (
				D46EEBCC27B0774800D4EF12 /* TimerView.swift in Sources */,
				812F468727B53075008FB107 /* TextFieldAlert.swift in Sources */,
				812F467927B14DAC008FB107 /* Topic.swift in Sources */,
				5F3CD06727B1405800BAF2E0 /* MainView.swift in Sources */,
				819385BE27AA74C3005E2461 /* ContentView.swift in Sources */,
				812F468527B53053008FB107 /* TopicView.swift in Sources */,
				5F5767DB27AD453300F387F5 /* Consts.swift in Sources */,
				819385BC27AA74C3005E2461 /* PomodoroTimerApp.swift in Sources */,
				D4DD6D0327B14BFC0081AC8A /* dummyTwo.swift in Sources */,
				5F3CD06527B0041400BAF2E0 /* UIAlertController.swift in Sources */,
				5F5767D927AD450800F387F5 /* PlusButton.swift in Sources */,
			);
			runOnlyForDeploymentPostprocessing = 0;
		};
		819385C427AA74C6005E2461 /* Sources */ = {
			isa = PBXSourcesBuildPhase;
			buildActionMask = 2147483647;
			files = (
				819385CD27AA74C7005E2461 /* PomodoroTimerTests.swift in Sources */,
			);
			runOnlyForDeploymentPostprocessing = 0;
		};
		819385CE27AA74C7005E2461 /* Sources */ = {
			isa = PBXSourcesBuildPhase;
			buildActionMask = 2147483647;
			files = (
				819385D727AA74C7005E2461 /* PomodoroTimerUITests.swift in Sources */,
				819385D927AA74C7005E2461 /* PomodoroTimerUITestsLaunchTests.swift in Sources */,
			);
			runOnlyForDeploymentPostprocessing = 0;
		};
/* End PBXSourcesBuildPhase section */

/* Begin PBXTargetDependency section */
		819385CA27AA74C6005E2461 /* PBXTargetDependency */ = {
			isa = PBXTargetDependency;
			target = 819385B727AA74C3005E2461 /* PomodoroTimer */;
			targetProxy = 819385C927AA74C6005E2461 /* PBXContainerItemProxy */;
		};
		819385D427AA74C7005E2461 /* PBXTargetDependency */ = {
			isa = PBXTargetDependency;
			target = 819385B727AA74C3005E2461 /* PomodoroTimer */;
			targetProxy = 819385D327AA74C7005E2461 /* PBXContainerItemProxy */;
		};
/* End PBXTargetDependency section */

/* Begin XCBuildConfiguration section */
		819385DA27AA74C7005E2461 /* Debug */ = {
			isa = XCBuildConfiguration;
			buildSettings = {
				ALWAYS_SEARCH_USER_PATHS = NO;
				CLANG_ANALYZER_NONNULL = YES;
				CLANG_ANALYZER_NUMBER_OBJECT_CONVERSION = YES_AGGRESSIVE;
				CLANG_CXX_LANGUAGE_STANDARD = "gnu++17";
				CLANG_CXX_LIBRARY = "libc++";
				CLANG_ENABLE_MODULES = YES;
				CLANG_ENABLE_OBJC_ARC = YES;
				CLANG_ENABLE_OBJC_WEAK = YES;
				CLANG_WARN_BLOCK_CAPTURE_AUTORELEASING = YES;
				CLANG_WARN_BOOL_CONVERSION = YES;
				CLANG_WARN_COMMA = YES;
				CLANG_WARN_CONSTANT_CONVERSION = YES;
				CLANG_WARN_DEPRECATED_OBJC_IMPLEMENTATIONS = YES;
				CLANG_WARN_DIRECT_OBJC_ISA_USAGE = YES_ERROR;
				CLANG_WARN_DOCUMENTATION_COMMENTS = YES;
				CLANG_WARN_EMPTY_BODY = YES;
				CLANG_WARN_ENUM_CONVERSION = YES;
				CLANG_WARN_INFINITE_RECURSION = YES;
				CLANG_WARN_INT_CONVERSION = YES;
				CLANG_WARN_NON_LITERAL_NULL_CONVERSION = YES;
				CLANG_WARN_OBJC_IMPLICIT_RETAIN_SELF = YES;
				CLANG_WARN_OBJC_LITERAL_CONVERSION = YES;
				CLANG_WARN_OBJC_ROOT_CLASS = YES_ERROR;
				CLANG_WARN_QUOTED_INCLUDE_IN_FRAMEWORK_HEADER = YES;
				CLANG_WARN_RANGE_LOOP_ANALYSIS = YES;
				CLANG_WARN_STRICT_PROTOTYPES = YES;
				CLANG_WARN_SUSPICIOUS_MOVE = YES;
				CLANG_WARN_UNGUARDED_AVAILABILITY = YES_AGGRESSIVE;
				CLANG_WARN_UNREACHABLE_CODE = YES;
				CLANG_WARN__DUPLICATE_METHOD_MATCH = YES;
				COPY_PHASE_STRIP = NO;
				DEBUG_INFORMATION_FORMAT = dwarf;
				ENABLE_STRICT_OBJC_MSGSEND = YES;
				ENABLE_TESTABILITY = YES;
				GCC_C_LANGUAGE_STANDARD = gnu11;
				GCC_DYNAMIC_NO_PIC = NO;
				GCC_NO_COMMON_BLOCKS = YES;
				GCC_OPTIMIZATION_LEVEL = 0;
				GCC_PREPROCESSOR_DEFINITIONS = (
					"DEBUG=1",
					"$(inherited)",
				);
				GCC_WARN_64_TO_32_BIT_CONVERSION = YES;
				GCC_WARN_ABOUT_RETURN_TYPE = YES_ERROR;
				GCC_WARN_UNDECLARED_SELECTOR = YES;
				GCC_WARN_UNINITIALIZED_AUTOS = YES_AGGRESSIVE;
				GCC_WARN_UNUSED_FUNCTION = YES;
				GCC_WARN_UNUSED_VARIABLE = YES;
				IPHONEOS_DEPLOYMENT_TARGET = 15.2;
				MTL_ENABLE_DEBUG_INFO = INCLUDE_SOURCE;
				MTL_FAST_MATH = YES;
				ONLY_ACTIVE_ARCH = YES;
				SDKROOT = iphoneos;
				SWIFT_ACTIVE_COMPILATION_CONDITIONS = DEBUG;
				SWIFT_OPTIMIZATION_LEVEL = "-Onone";
			};
			name = Debug;
		};
		819385DB27AA74C7005E2461 /* Release */ = {
			isa = XCBuildConfiguration;
			buildSettings = {
				ALWAYS_SEARCH_USER_PATHS = NO;
				CLANG_ANALYZER_NONNULL = YES;
				CLANG_ANALYZER_NUMBER_OBJECT_CONVERSION = YES_AGGRESSIVE;
				CLANG_CXX_LANGUAGE_STANDARD = "gnu++17";
				CLANG_CXX_LIBRARY = "libc++";
				CLANG_ENABLE_MODULES = YES;
				CLANG_ENABLE_OBJC_ARC = YES;
				CLANG_ENABLE_OBJC_WEAK = YES;
				CLANG_WARN_BLOCK_CAPTURE_AUTORELEASING = YES;
				CLANG_WARN_BOOL_CONVERSION = YES;
				CLANG_WARN_COMMA = YES;
				CLANG_WARN_CONSTANT_CONVERSION = YES;
				CLANG_WARN_DEPRECATED_OBJC_IMPLEMENTATIONS = YES;
				CLANG_WARN_DIRECT_OBJC_ISA_USAGE = YES_ERROR;
				CLANG_WARN_DOCUMENTATION_COMMENTS = YES;
				CLANG_WARN_EMPTY_BODY = YES;
				CLANG_WARN_ENUM_CONVERSION = YES;
				CLANG_WARN_INFINITE_RECURSION = YES;
				CLANG_WARN_INT_CONVERSION = YES;
				CLANG_WARN_NON_LITERAL_NULL_CONVERSION = YES;
				CLANG_WARN_OBJC_IMPLICIT_RETAIN_SELF = YES;
				CLANG_WARN_OBJC_LITERAL_CONVERSION = YES;
				CLANG_WARN_OBJC_ROOT_CLASS = YES_ERROR;
				CLANG_WARN_QUOTED_INCLUDE_IN_FRAMEWORK_HEADER = YES;
				CLANG_WARN_RANGE_LOOP_ANALYSIS = YES;
				CLANG_WARN_STRICT_PROTOTYPES = YES;
				CLANG_WARN_SUSPICIOUS_MOVE = YES;
				CLANG_WARN_UNGUARDED_AVAILABILITY = YES_AGGRESSIVE;
				CLANG_WARN_UNREACHABLE_CODE = YES;
				CLANG_WARN__DUPLICATE_METHOD_MATCH = YES;
				COPY_PHASE_STRIP = NO;
				DEBUG_INFORMATION_FORMAT = "dwarf-with-dsym";
				ENABLE_NS_ASSERTIONS = NO;
				ENABLE_STRICT_OBJC_MSGSEND = YES;
				GCC_C_LANGUAGE_STANDARD = gnu11;
				GCC_NO_COMMON_BLOCKS = YES;
				GCC_WARN_64_TO_32_BIT_CONVERSION = YES;
				GCC_WARN_ABOUT_RETURN_TYPE = YES_ERROR;
				GCC_WARN_UNDECLARED_SELECTOR = YES;
				GCC_WARN_UNINITIALIZED_AUTOS = YES_AGGRESSIVE;
				GCC_WARN_UNUSED_FUNCTION = YES;
				GCC_WARN_UNUSED_VARIABLE = YES;
				IPHONEOS_DEPLOYMENT_TARGET = 15.2;
				MTL_ENABLE_DEBUG_INFO = NO;
				MTL_FAST_MATH = YES;
				SDKROOT = iphoneos;
				SWIFT_COMPILATION_MODE = wholemodule;
				SWIFT_OPTIMIZATION_LEVEL = "-O";
				VALIDATE_PRODUCT = YES;
			};
			name = Release;
		};
		819385DD27AA74C7005E2461 /* Debug */ = {
			isa = XCBuildConfiguration;
			buildSettings = {
				ASSETCATALOG_COMPILER_APPICON_NAME = AppIcon;
				ASSETCATALOG_COMPILER_GLOBAL_ACCENT_COLOR_NAME = AccentColor;
				CODE_SIGN_STYLE = Automatic;
				CURRENT_PROJECT_VERSION = 1;
				DEVELOPMENT_ASSET_PATHS = "\"PomodoroTimer/Preview Content\"";
				DEVELOPMENT_TEAM = T7338SJGX6;
				ENABLE_PREVIEWS = YES;
				GENERATE_INFOPLIST_FILE = YES;
				INFOPLIST_KEY_UIApplicationSceneManifest_Generation = YES;
				INFOPLIST_KEY_UIApplicationSupportsIndirectInputEvents = YES;
				INFOPLIST_KEY_UILaunchScreen_Generation = YES;
				INFOPLIST_KEY_UISupportedInterfaceOrientations = UIInterfaceOrientationPortrait;
				INFOPLIST_KEY_UISupportedInterfaceOrientations_iPad = "UIInterfaceOrientationPortrait UIInterfaceOrientationPortraitUpsideDown UIInterfaceOrientationLandscapeLeft UIInterfaceOrientationLandscapeRight";
				INFOPLIST_KEY_UISupportedInterfaceOrientations_iPhone = "UIInterfaceOrientationPortrait UIInterfaceOrientationLandscapeLeft UIInterfaceOrientationLandscapeRight";
				IPHONEOS_DEPLOYMENT_TARGET = 14.1;
				LD_RUNPATH_SEARCH_PATHS = (
					"$(inherited)",
					"@executable_path/Frameworks",
				);
				MARKETING_VERSION = 1.0;
				PRODUCT_BUNDLE_IDENTIFIER = me.PomodoroTimer;
				PRODUCT_NAME = "$(TARGET_NAME)";
				SWIFT_EMIT_LOC_STRINGS = YES;
				SWIFT_VERSION = 5.0;
				TARGETED_DEVICE_FAMILY = 1;
			};
			name = Debug;
		};
		819385DE27AA74C7005E2461 /* Release */ = {
			isa = XCBuildConfiguration;
			buildSettings = {
				ASSETCATALOG_COMPILER_APPICON_NAME = AppIcon;
				ASSETCATALOG_COMPILER_GLOBAL_ACCENT_COLOR_NAME = AccentColor;
				CODE_SIGN_STYLE = Automatic;
				CURRENT_PROJECT_VERSION = 1;
				DEVELOPMENT_ASSET_PATHS = "\"PomodoroTimer/Preview Content\"";
				DEVELOPMENT_TEAM = T7338SJGX6;
				ENABLE_PREVIEWS = YES;
				GENERATE_INFOPLIST_FILE = YES;
				INFOPLIST_KEY_UIApplicationSceneManifest_Generation = YES;
				INFOPLIST_KEY_UIApplicationSupportsIndirectInputEvents = YES;
				INFOPLIST_KEY_UILaunchScreen_Generation = YES;
				INFOPLIST_KEY_UISupportedInterfaceOrientations = UIInterfaceOrientationPortrait;
				INFOPLIST_KEY_UISupportedInterfaceOrientations_iPad = "UIInterfaceOrientationPortrait UIInterfaceOrientationPortraitUpsideDown UIInterfaceOrientationLandscapeLeft UIInterfaceOrientationLandscapeRight";
				INFOPLIST_KEY_UISupportedInterfaceOrientations_iPhone = "UIInterfaceOrientationPortrait UIInterfaceOrientationLandscapeLeft UIInterfaceOrientationLandscapeRight";
				IPHONEOS_DEPLOYMENT_TARGET = 14.1;
				LD_RUNPATH_SEARCH_PATHS = (
					"$(inherited)",
					"@executable_path/Frameworks",
				);
				MARKETING_VERSION = 1.0;
				PRODUCT_BUNDLE_IDENTIFIER = me.PomodoroTimer;
				PRODUCT_NAME = "$(TARGET_NAME)";
				SWIFT_EMIT_LOC_STRINGS = YES;
				SWIFT_VERSION = 5.0;
				TARGETED_DEVICE_FAMILY = 1;
			};
			name = Release;
		};
		819385E027AA74C7005E2461 /* Debug */ = {
			isa = XCBuildConfiguration;
			buildSettings = {
				ALWAYS_EMBED_SWIFT_STANDARD_LIBRARIES = YES;
				BUNDLE_LOADER = "$(TEST_HOST)";
				CODE_SIGN_STYLE = Automatic;
				CURRENT_PROJECT_VERSION = 1;
				DEVELOPMENT_TEAM = T7338SJGX6;
				GENERATE_INFOPLIST_FILE = YES;
				IPHONEOS_DEPLOYMENT_TARGET = 15.2;
				MARKETING_VERSION = 1.0;
				PRODUCT_BUNDLE_IDENTIFIER = me.PomodoroTimerTests;
				PRODUCT_NAME = "$(TARGET_NAME)";
				SWIFT_EMIT_LOC_STRINGS = NO;
				SWIFT_VERSION = 5.0;
				TARGETED_DEVICE_FAMILY = "1,2";
				TEST_HOST = "$(BUILT_PRODUCTS_DIR)/PomodoroTimer.app/PomodoroTimer";
			};
			name = Debug;
		};
		819385E127AA74C7005E2461 /* Release */ = {
			isa = XCBuildConfiguration;
			buildSettings = {
				ALWAYS_EMBED_SWIFT_STANDARD_LIBRARIES = YES;
				BUNDLE_LOADER = "$(TEST_HOST)";
				CODE_SIGN_STYLE = Automatic;
				CURRENT_PROJECT_VERSION = 1;
				DEVELOPMENT_TEAM = T7338SJGX6;
				GENERATE_INFOPLIST_FILE = YES;
				IPHONEOS_DEPLOYMENT_TARGET = 15.2;
				MARKETING_VERSION = 1.0;
				PRODUCT_BUNDLE_IDENTIFIER = me.PomodoroTimerTests;
				PRODUCT_NAME = "$(TARGET_NAME)";
				SWIFT_EMIT_LOC_STRINGS = NO;
				SWIFT_VERSION = 5.0;
				TARGETED_DEVICE_FAMILY = "1,2";
				TEST_HOST = "$(BUILT_PRODUCTS_DIR)/PomodoroTimer.app/PomodoroTimer";
			};
			name = Release;
		};
		819385E327AA74C7005E2461 /* Debug */ = {
			isa = XCBuildConfiguration;
			buildSettings = {
				ALWAYS_EMBED_SWIFT_STANDARD_LIBRARIES = YES;
				CODE_SIGN_STYLE = Automatic;
				CURRENT_PROJECT_VERSION = 1;
				DEVELOPMENT_TEAM = T7338SJGX6;
				GENERATE_INFOPLIST_FILE = YES;
				MARKETING_VERSION = 1.0;
				PRODUCT_BUNDLE_IDENTIFIER = me.PomodoroTimerUITests;
				PRODUCT_NAME = "$(TARGET_NAME)";
				SWIFT_EMIT_LOC_STRINGS = NO;
				SWIFT_VERSION = 5.0;
				TARGETED_DEVICE_FAMILY = "1,2";
				TEST_TARGET_NAME = PomodoroTimer;
			};
			name = Debug;
		};
		819385E427AA74C7005E2461 /* Release */ = {
			isa = XCBuildConfiguration;
			buildSettings = {
				ALWAYS_EMBED_SWIFT_STANDARD_LIBRARIES = YES;
				CODE_SIGN_STYLE = Automatic;
				CURRENT_PROJECT_VERSION = 1;
				DEVELOPMENT_TEAM = T7338SJGX6;
				GENERATE_INFOPLIST_FILE = YES;
				MARKETING_VERSION = 1.0;
				PRODUCT_BUNDLE_IDENTIFIER = me.PomodoroTimerUITests;
				PRODUCT_NAME = "$(TARGET_NAME)";
				SWIFT_EMIT_LOC_STRINGS = NO;
				SWIFT_VERSION = 5.0;
				TARGETED_DEVICE_FAMILY = "1,2";
				TEST_TARGET_NAME = PomodoroTimer;
			};
			name = Release;
		};
/* End XCBuildConfiguration section */

/* Begin XCConfigurationList section */
		819385B327AA74C3005E2461 /* Build configuration list for PBXProject "PomodoroTimer" */ = {
			isa = XCConfigurationList;
			buildConfigurations = (
				819385DA27AA74C7005E2461 /* Debug */,
				819385DB27AA74C7005E2461 /* Release */,
			);
			defaultConfigurationIsVisible = 0;
			defaultConfigurationName = Release;
		};
		819385DC27AA74C7005E2461 /* Build configuration list for PBXNativeTarget "PomodoroTimer" */ = {
			isa = XCConfigurationList;
			buildConfigurations = (
				819385DD27AA74C7005E2461 /* Debug */,
				819385DE27AA74C7005E2461 /* Release */,
			);
			defaultConfigurationIsVisible = 0;
			defaultConfigurationName = Release;
		};
		819385DF27AA74C7005E2461 /* Build configuration list for PBXNativeTarget "PomodoroTimerTests" */ = {
			isa = XCConfigurationList;
			buildConfigurations = (
				819385E027AA74C7005E2461 /* Debug */,
				819385E127AA74C7005E2461 /* Release */,
			);
			defaultConfigurationIsVisible = 0;
			defaultConfigurationName = Release;
		};
		819385E227AA74C7005E2461 /* Build configuration list for PBXNativeTarget "PomodoroTimerUITests" */ = {
			isa = XCConfigurationList;
			buildConfigurations = (
				819385E327AA74C7005E2461 /* Debug */,
				819385E427AA74C7005E2461 /* Release */,
			);
			defaultConfigurationIsVisible = 0;
			defaultConfigurationName = Release;
		};
/* End XCConfigurationList section */
	};
	rootObject = 819385B027AA74C3005E2461 /* Project object */;
}
